
Microsoft Visual Studio Solution File, Format Version 12.00
# Visual Studio Version 17
VisualStudioVersion = 17.11.35312.102
MinimumVisualStudioVersion = 10.0.40219.1
Project("{FAE04EC0-301F-11D3-BF4B-00C04F79EFBC}") = "PodcastApp", "PodcastApp\PodcastApp.csproj", "{3F9297DF-37EB-4E18-A093-8339A8780ED4}"
EndProject
Project("{FAE04EC0-301F-11D3-BF4B-00C04F79EFBC}") = "BL", "BL\BL.csproj", "{98358AD1-5BB3-4882-A895-0741C1F07992}"
EndProject
Project("{FAE04EC0-301F-11D3-BF4B-00C04F79EFBC}") = "DL", "DL\DL.csproj", "{19F4A37B-F1B3-4BA7-805F-DDF791FB6369}"
EndProject
Project("{FAE04EC0-301F-11D3-BF4B-00C04F79EFBC}") = "Models", "Models\Models.csproj", "{D84C5EAC-8C95-4351-8318-EAD1116A4134}"
EndProject
Global
	GlobalSection(SolutionConfigurationPlatforms) = preSolution
		Debug|Any CPU = Debug|Any CPU
		Release|Any CPU = Release|Any CPU
	EndGlobalSection
	GlobalSection(ProjectConfigurationPlatforms) = postSolution
		{3F9297DF-37EB-4E18-A093-8339A8780ED4}.Debug|Any CPU.ActiveCfg = Debug|Any CPU
		{3F9297DF-37EB-4E18-A093-8339A8780ED4}.Debug|Any CPU.Build.0 = Debug|Any CPU
		{3F9297DF-37EB-4E18-A093-8339A8780ED4}.Release|Any CPU.ActiveCfg = Release|Any CPU
		{3F9297DF-37EB-4E18-A093-8339A8780ED4}.Release|Any CPU.Build.0 = Release|Any CPU
		{98358AD1-5BB3-4882-A895-0741C1F07992}.Debug|Any CPU.ActiveCfg = Debug|Any CPU
		{98358AD1-5BB3-4882-A895-0741C1F07992}.Debug|Any CPU.Build.0 = Debug|Any CPU
		{98358AD1-5BB3-4882-A895-0741C1F07992}.Release|Any CPU.ActiveCfg = Release|Any CPU
		{98358AD1-5BB3-4882-A895-0741C1F07992}.Release|Any CPU.Build.0 = Release|Any CPU
		{19F4A37B-F1B3-4BA7-805F-DDF791FB6369}.Debug|Any CPU.ActiveCfg = Debug|Any CPU
		{19F4A37B-F1B3-4BA7-805F-DDF791FB6369}.Debug|Any CPU.Build.0 = Debug|Any CPU
		{19F4A37B-F1B3-4BA7-805F-DDF791FB6369}.Release|Any CPU.ActiveCfg = Release|Any CPU
		{19F4A37B-F1B3-4BA7-805F-DDF791FB6369}.Release|Any CPU.Build.0 = Release|Any CPU
		{D84C5EAC-8C95-4351-8318-EAD1116A4134}.Debug|Any CPU.ActiveCfg = Debug|Any CPU
		{D84C5EAC-8C95-4351-8318-EAD1116A4134}.Debug|Any CPU.Build.0 = Debug|Any CPU
		{D84C5EAC-8C95-4351-8318-EAD1116A4134}.Release|Any CPU.ActiveCfg = Release|Any CPU
		{D84C5EAC-8C95-4351-8318-EAD1116A4134}.Release|Any CPU.Build.0 = Release|Any CPU
	EndGlobalSection
	GlobalSection(SolutionProperties) = preSolution
		HideSolutionNode = FALSE
	EndGlobalSection
	GlobalSection(ExtensibilityGlobals) = postSolution
		SolutionGuid = {02B4939B-FE92-4576-8A4F-A233D1858515}
	EndGlobalSection
EndGlobal
